
Microsoft Visual Studio Solution File, Format Version 12.00
# Visual Studio Version 16
VisualStudioVersion = 16.0.29102.190
MinimumVisualStudioVersion = 10.0.40219.1
Project("{FAE04EC0-301F-11D3-BF4B-00C04F79EFBC}") = "Vp_lab_25", "Vp_lab_25\Vp_lab_25.csproj", "{C0D5FE97-E645-4937-84BF-636CD536B58C}"
EndProject
Global
	GlobalSection(SolutionConfigurationPlatforms) = preSolution
		Debug|Any CPU = Debug|Any CPU
		Release|Any CPU = Release|Any CPU
	EndGlobalSection
	GlobalSection(ProjectConfigurationPlatforms) = postSolution
		{C0D5FE97-E645-4937-84BF-636CD536B58C}.Debug|Any CPU.ActiveCfg = Debug|Any CPU
		{C0D5FE97-E645-4937-84BF-636CD536B58C}.Debug|Any CPU.Build.0 = Debug|Any CPU
		{C0D5FE97-E645-4937-84BF-636CD536B58C}.Release|Any CPU.ActiveCfg = Release|Any CPU
		{C0D5FE97-E645-4937-84BF-636CD536B58C}.Release|Any CPU.Build.0 = Release|Any CPU
	EndGlobalSection
	GlobalSection(SolutionProperties) = preSolution
		HideSolutionNode = FALSE
	EndGlobalSection
	GlobalSection(ExtensibilityGlobals) = postSolution
		SolutionGuid = {BC4537AD-583B-4130-AB43-B21C74A12C1B}
	EndGlobalSection
EndGlobal
